
Microsoft Visual Studio Solution File, Format Version 12.00
# Visual Studio Version 17
VisualStudioVersion = 17.5.33502.453
MinimumVisualStudioVersion = 10.0.40219.1
Project("{FAE04EC0-301F-11D3-BF4B-00C04F79EFBC}") = "LanchesMac", "LanchesMac.csproj", "{283032D9-21AB-4AED-B4CB-5796131D6B50}"
EndProject
Global
	GlobalSection(SolutionConfigurationPlatforms) = preSolution
		Debug|Any CPU = Debug|Any CPU
		Release|Any CPU = Release|Any CPU
	EndGlobalSection
	GlobalSection(ProjectConfigurationPlatforms) = postSolution
		{283032D9-21AB-4AED-B4CB-5796131D6B50}.Debug|Any CPU.ActiveCfg = Debug|Any CPU
		{283032D9-21AB-4AED-B4CB-5796131D6B50}.Debug|Any CPU.Build.0 = Debug|Any CPU
		{283032D9-21AB-4AED-B4CB-5796131D6B50}.Release|Any CPU.ActiveCfg = Release|Any CPU
		{283032D9-21AB-4AED-B4CB-5796131D6B50}.Release|Any CPU.Build.0 = Release|Any CPU
	EndGlobalSection
	GlobalSection(SolutionProperties) = preSolution
		HideSolutionNode = FALSE
	EndGlobalSection
	GlobalSection(ExtensibilityGlobals) = postSolution
		SolutionGuid = {400A731E-EDEC-4483-BB53-15CA571EE4BB}
	EndGlobalSection
EndGlobal
